
Microsoft Visual Studio Solution File, Format Version 12.00
# Visual Studio Version 17
VisualStudioVersion = 17.0.31717.71
MinimumVisualStudioVersion = 10.0.40219.1
Project("{9A19103F-16F7-4668-BE54-9A1E7A4F7556}") = "Web.Client", "Web.Client.csproj", "{E750AD8F-E02E-4A1F-A7B8-71B94A9AC469}"
EndProject
Global
	GlobalSection(SolutionConfigurationPlatforms) = preSolution
		Debug|Any CPU = Debug|Any CPU
		Release|Any CPU = Release|Any CPU
	EndGlobalSection
	GlobalSection(ProjectConfigurationPlatforms) = postSolution
		{E750AD8F-E02E-4A1F-A7B8-71B94A9AC469}.Debug|Any CPU.ActiveCfg = Debug|Any CPU
		{E750AD8F-E02E-4A1F-A7B8-71B94A9AC469}.Debug|Any CPU.Build.0 = Debug|Any CPU
		{E750AD8F-E02E-4A1F-A7B8-71B94A9AC469}.Release|Any CPU.ActiveCfg = Release|Any CPU
		{E750AD8F-E02E-4A1F-A7B8-71B94A9AC469}.Release|Any CPU.Build.0 = Release|Any CPU
	EndGlobalSection
	GlobalSection(SolutionProperties) = preSolution
		HideSolutionNode = FALSE
	EndGlobalSection
	GlobalSection(ExtensibilityGlobals) = postSolution
		SolutionGuid = {EC0C457E-64B4-427A-BF1E-130C3A235DF8}
	EndGlobalSection
EndGlobal